
Microsoft Visual Studio Solution File, Format Version 12.00
# Visual Studio Version 16
VisualStudioVersion = 16.0.31729.503
MinimumVisualStudioVersion = 10.0.40219.1
Project("{8BC9CEB8-8B4A-11D0-8D11-00A0C91BC942}") = "pr_5.3", "pr_5.3.vcxproj", "{18B2A230-F295-4480-91C5-A418DE104EBF}"
EndProject
Project("{8BC9CEB8-8B4A-11D0-8D11-00A0C91BC942}") = "UnitTest5.3", "..\UnitTest5.3\UnitTest5.3.vcxproj", "{CB580F46-4B85-4264-A61E-267ACFE39528}"
EndProject
Global
	GlobalSection(SolutionConfigurationPlatforms) = preSolution
		Debug|x64 = Debug|x64
		Debug|x86 = Debug|x86
		Release|x64 = Release|x64
		Release|x86 = Release|x86
	EndGlobalSection
	GlobalSection(ProjectConfigurationPlatforms) = postSolution
		{18B2A230-F295-4480-91C5-A418DE104EBF}.Debug|x64.ActiveCfg = Debug|x64
		{18B2A230-F295-4480-91C5-A418DE104EBF}.Debug|x64.Build.0 = Debug|x64
		{18B2A230-F295-4480-91C5-A418DE104EBF}.Debug|x86.ActiveCfg = Debug|Win32
		{18B2A230-F295-4480-91C5-A418DE104EBF}.Debug|x86.Build.0 = Debug|Win32
		{18B2A230-F295-4480-91C5-A418DE104EBF}.Release|x64.ActiveCfg = Release|x64
		{18B2A230-F295-4480-91C5-A418DE104EBF}.Release|x64.Build.0 = Release|x64
		{18B2A230-F295-4480-91C5-A418DE104EBF}.Release|x86.ActiveCfg = Release|Win32
		{18B2A230-F295-4480-91C5-A418DE104EBF}.Release|x86.Build.0 = Release|Win32
		{CB580F46-4B85-4264-A61E-267ACFE39528}.Debug|x64.ActiveCfg = Debug|x64
		{CB580F46-4B85-4264-A61E-267ACFE39528}.Debug|x64.Build.0 = Debug|x64
		{CB580F46-4B85-4264-A61E-267ACFE39528}.Debug|x86.ActiveCfg = Debug|Win32
		{CB580F46-4B85-4264-A61E-267ACFE39528}.Debug|x86.Build.0 = Debug|Win32
		{CB580F46-4B85-4264-A61E-267ACFE39528}.Release|x64.ActiveCfg = Release|x64
		{CB580F46-4B85-4264-A61E-267ACFE39528}.Release|x64.Build.0 = Release|x64
		{CB580F46-4B85-4264-A61E-267ACFE39528}.Release|x86.ActiveCfg = Release|Win32
		{CB580F46-4B85-4264-A61E-267ACFE39528}.Release|x86.Build.0 = Release|Win32
	EndGlobalSection
	GlobalSection(SolutionProperties) = preSolution
		HideSolutionNode = FALSE
	EndGlobalSection
	GlobalSection(ExtensibilityGlobals) = postSolution
		SolutionGuid = {3771E089-3B87-4551-A068-A0FEB8DEF689}
	EndGlobalSection
EndGlobal
